
Microsoft Visual Studio Solution File, Format Version 12.00
# Visual Studio Version 17
VisualStudioVersion = 17.14.36408.4
MinimumVisualStudioVersion = 10.0.40219.1
Project("{FAE04EC0-301F-11D3-BF4B-00C04F79EFBC}") = "Crypto_Clients", "Crypto_Clients\Crypto_Clients.csproj", "{00FCF5EC-05C0-4D7C-B024-C7500849132D}"
	ProjectSection(ProjectDependencies) = postProject
		{54098A6F-3CAA-4A95-883F-3B34BCE59EFC} = {54098A6F-3CAA-4A95-883F-3B34BCE59EFC}
	EndProjectSection
EndProject
Project("{FAE04EC0-301F-11D3-BF4B-00C04F79EFBC}") = "Crypto_Trading", "Crypto_Trading\Crypto_Trading.csproj", "{2E0AEB34-EE0F-46D2-B7DA-6734640BC7CE}"
	ProjectSection(ProjectDependencies) = postProject
		{00FCF5EC-05C0-4D7C-B024-C7500849132D} = {00FCF5EC-05C0-4D7C-B024-C7500849132D}
		{54098A6F-3CAA-4A95-883F-3B34BCE59EFC} = {54098A6F-3CAA-4A95-883F-3B34BCE59EFC}
	EndProjectSection
EndProject
Project("{FAE04EC0-301F-11D3-BF4B-00C04F79EFBC}") = "Crypto_GUI", "Crypto_GUI\Crypto_GUI.csproj", "{007229A0-A06B-4A04-A559-B869BF6C227C}"
	ProjectSection(ProjectDependencies) = postProject
		{00FCF5EC-05C0-4D7C-B024-C7500849132D} = {00FCF5EC-05C0-4D7C-B024-C7500849132D}
		{2E0AEB34-EE0F-46D2-B7DA-6734640BC7CE} = {2E0AEB34-EE0F-46D2-B7DA-6734640BC7CE}
		{54098A6F-3CAA-4A95-883F-3B34BCE59EFC} = {54098A6F-3CAA-4A95-883F-3B34BCE59EFC}
	EndProjectSection
EndProject
Project("{FAE04EC0-301F-11D3-BF4B-00C04F79EFBC}") = "Utils", "Utils\Utils.csproj", "{54098A6F-3CAA-4A95-883F-3B34BCE59EFC}"
EndProject
Project("{FAE04EC0-301F-11D3-BF4B-00C04F79EFBC}") = "Crypto_Linux", "Crypto_Linux\Crypto_Linux.csproj", "{14C89B92-2E82-480F-853F-EDD91A1EA4CE}"
	ProjectSection(ProjectDependencies) = postProject
		{00FCF5EC-05C0-4D7C-B024-C7500849132D} = {00FCF5EC-05C0-4D7C-B024-C7500849132D}
		{2E0AEB34-EE0F-46D2-B7DA-6734640BC7CE} = {2E0AEB34-EE0F-46D2-B7DA-6734640BC7CE}
		{54098A6F-3CAA-4A95-883F-3B34BCE59EFC} = {54098A6F-3CAA-4A95-883F-3B34BCE59EFC}
	EndProjectSection
EndProject
Global
	GlobalSection(SolutionConfigurationPlatforms) = preSolution
		Debug|Any CPU = Debug|Any CPU
		Debug|ARM64 = Debug|ARM64
		Debug|x64 = Debug|x64
		Debug|x86 = Debug|x86
		MinSizeRel|Any CPU = MinSizeRel|Any CPU
		MinSizeRel|ARM64 = MinSizeRel|ARM64
		MinSizeRel|x64 = MinSizeRel|x64
		MinSizeRel|x86 = MinSizeRel|x86
		Release|Any CPU = Release|Any CPU
		Release|ARM64 = Release|ARM64
		Release|x64 = Release|x64
		Release|x86 = Release|x86
		RelWithDebInfo|Any CPU = RelWithDebInfo|Any CPU
		RelWithDebInfo|ARM64 = RelWithDebInfo|ARM64
		RelWithDebInfo|x64 = RelWithDebInfo|x64
		RelWithDebInfo|x86 = RelWithDebInfo|x86
	EndGlobalSection
	GlobalSection(ProjectConfigurationPlatforms) = postSolution
		{00FCF5EC-05C0-4D7C-B024-C7500849132D}.Debug|Any CPU.ActiveCfg = Debug|Any CPU
		{00FCF5EC-05C0-4D7C-B024-C7500849132D}.Debug|Any CPU.Build.0 = Debug|Any CPU
		{00FCF5EC-05C0-4D7C-B024-C7500849132D}.Debug|ARM64.ActiveCfg = Debug|Any CPU
		{00FCF5EC-05C0-4D7C-B024-C7500849132D}.Debug|ARM64.Build.0 = Debug|Any CPU
		{00FCF5EC-05C0-4D7C-B024-C7500849132D}.Debug|x64.ActiveCfg = Debug|Any CPU
		{00FCF5EC-05C0-4D7C-B024-C7500849132D}.Debug|x64.Build.0 = Debug|Any CPU
		{00FCF5EC-05C0-4D7C-B024-C7500849132D}.Debug|x86.ActiveCfg = Debug|Any CPU
		{00FCF5EC-05C0-4D7C-B024-C7500849132D}.Debug|x86.Build.0 = Debug|Any CPU
		{00FCF5EC-05C0-4D7C-B024-C7500849132D}.MinSizeRel|Any CPU.ActiveCfg = Release|Any CPU
		{00FCF5EC-05C0-4D7C-B024-C7500849132D}.MinSizeRel|Any CPU.Build.0 = Release|Any CPU
		{00FCF5EC-05C0-4D7C-B024-C7500849132D}.MinSizeRel|ARM64.ActiveCfg = Release|Any CPU
		{00FCF5EC-05C0-4D7C-B024-C7500849132D}.MinSizeRel|ARM64.Build.0 = Release|Any CPU
		{00FCF5EC-05C0-4D7C-B024-C7500849132D}.MinSizeRel|x64.ActiveCfg = Release|Any CPU
		{00FCF5EC-05C0-4D7C-B024-C7500849132D}.MinSizeRel|x64.Build.0 = Release|Any CPU
		{00FCF5EC-05C0-4D7C-B024-C7500849132D}.MinSizeRel|x86.ActiveCfg = Release|Any CPU
		{00FCF5EC-05C0-4D7C-B024-C7500849132D}.MinSizeRel|x86.Build.0 = Release|Any CPU
		{00FCF5EC-05C0-4D7C-B024-C7500849132D}.Release|Any CPU.ActiveCfg = Release|Any CPU
		{00FCF5EC-05C0-4D7C-B024-C7500849132D}.Release|Any CPU.Build.0 = Release|Any CPU
		{00FCF5EC-05C0-4D7C-B024-C7500849132D}.Release|ARM64.ActiveCfg = Release|Any CPU
		{00FCF5EC-05C0-4D7C-B024-C7500849132D}.Release|ARM64.Build.0 = Release|Any CPU
		{00FCF5EC-05C0-4D7C-B024-C7500849132D}.Release|x64.ActiveCfg = Release|Any CPU
		{00FCF5EC-05C0-4D7C-B024-C7500849132D}.Release|x64.Build.0 = Release|Any CPU
		{00FCF5EC-05C0-4D7C-B024-C7500849132D}.Release|x86.ActiveCfg = Release|Any CPU
		{00FCF5EC-05C0-4D7C-B024-C7500849132D}.Release|x86.Build.0 = Release|Any CPU
		{00FCF5EC-05C0-4D7C-B024-C7500849132D}.RelWithDebInfo|Any CPU.ActiveCfg = Debug|Any CPU
		{00FCF5EC-05C0-4D7C-B024-C7500849132D}.RelWithDebInfo|Any CPU.Build.0 = Debug|Any CPU
		{00FCF5EC-05C0-4D7C-B024-C7500849132D}.RelWithDebInfo|ARM64.ActiveCfg = Debug|Any CPU
		{00FCF5EC-05C0-4D7C-B024-C7500849132D}.RelWithDebInfo|ARM64.Build.0 = Debug|Any CPU
		{00FCF5EC-05C0-4D7C-B024-C7500849132D}.RelWithDebInfo|x64.ActiveCfg = Debug|Any CPU
		{00FCF5EC-05C0-4D7C-B024-C7500849132D}.RelWithDebInfo|x64.Build.0 = Debug|Any CPU
		{00FCF5EC-05C0-4D7C-B024-C7500849132D}.RelWithDebInfo|x86.ActiveCfg = Debug|Any CPU
		{00FCF5EC-05C0-4D7C-B024-C7500849132D}.RelWithDebInfo|x86.Build.0 = Debug|Any CPU
		{2E0AEB34-EE0F-46D2-B7DA-6734640BC7CE}.Debug|Any CPU.ActiveCfg = Debug|Any CPU
		{2E0AEB34-EE0F-46D2-B7DA-6734640BC7CE}.Debug|Any CPU.Build.0 = Debug|Any CPU
		{2E0AEB34-EE0F-46D2-B7DA-6734640BC7CE}.Debug|ARM64.ActiveCfg = Debug|Any CPU
		{2E0AEB34-EE0F-46D2-B7DA-6734640BC7CE}.Debug|ARM64.Build.0 = Debug|Any CPU
		{2E0AEB34-EE0F-46D2-B7DA-6734640BC7CE}.Debug|x64.ActiveCfg = Debug|Any CPU
		{2E0AEB34-EE0F-46D2-B7DA-6734640BC7CE}.Debug|x64.Build.0 = Debug|Any CPU
		{2E0AEB34-EE0F-46D2-B7DA-6734640BC7CE}.Debug|x86.ActiveCfg = Debug|Any CPU
		{2E0AEB34-EE0F-46D2-B7DA-6734640BC7CE}.Debug|x86.Build.0 = Debug|Any CPU
		{2E0AEB34-EE0F-46D2-B7DA-6734640BC7CE}.MinSizeRel|Any CPU.ActiveCfg = Release|Any CPU
		{2E0AEB34-EE0F-46D2-B7DA-6734640BC7CE}.MinSizeRel|Any CPU.Build.0 = Release|Any CPU
		{2E0AEB34-EE0F-46D2-B7DA-6734640BC7CE}.MinSizeRel|ARM64.ActiveCfg = Release|Any CPU
		{2E0AEB34-EE0F-46D2-B7DA-6734640BC7CE}.MinSizeRel|ARM64.Build.0 = Release|Any CPU
		{2E0AEB34-EE0F-46D2-B7DA-6734640BC7CE}.MinSizeRel|x64.ActiveCfg = Release|Any CPU
		{2E0AEB34-EE0F-46D2-B7DA-6734640BC7CE}.MinSizeRel|x64.Build.0 = Release|Any CPU
		{2E0AEB34-EE0F-46D2-B7DA-6734640BC7CE}.MinSizeRel|x86.ActiveCfg = Release|Any CPU
		{2E0AEB34-EE0F-46D2-B7DA-6734640BC7CE}.MinSizeRel|x86.Build.0 = Release|Any CPU
		{2E0AEB34-EE0F-46D2-B7DA-6734640BC7CE}.Release|Any CPU.ActiveCfg = Release|Any CPU
		{2E0AEB34-EE0F-46D2-B7DA-6734640BC7CE}.Release|Any CPU.Build.0 = Release|Any CPU
		{2E0AEB34-EE0F-46D2-B7DA-6734640BC7CE}.Release|ARM64.ActiveCfg = Release|Any CPU
		{2E0AEB34-EE0F-46D2-B7DA-6734640BC7CE}.Release|ARM64.Build.0 = Release|Any CPU
		{2E0AEB34-EE0F-46D2-B7DA-6734640BC7CE}.Release|x64.ActiveCfg = Release|Any CPU
		{2E0AEB34-EE0F-46D2-B7DA-6734640BC7CE}.Release|x64.Build.0 = Release|Any CPU
		{2E0AEB34-EE0F-46D2-B7DA-6734640BC7CE}.Release|x86.ActiveCfg = Release|Any CPU
		{2E0AEB34-EE0F-46D2-B7DA-6734640BC7CE}.Release|x86.Build.0 = Release|Any CPU
		{2E0AEB34-EE0F-46D2-B7DA-6734640BC7CE}.RelWithDebInfo|Any CPU.ActiveCfg = Debug|Any CPU
		{2E0AEB34-EE0F-46D2-B7DA-6734640BC7CE}.RelWithDebInfo|Any CPU.Build.0 = Debug|Any CPU
		{2E0AEB34-EE0F-46D2-B7DA-6734640BC7CE}.RelWithDebInfo|ARM64.ActiveCfg = Debug|Any CPU
		{2E0AEB34-EE0F-46D2-B7DA-6734640BC7CE}.RelWithDebInfo|ARM64.Build.0 = Debug|Any CPU
		{2E0AEB34-EE0F-46D2-B7DA-6734640BC7CE}.RelWithDebInfo|x64.ActiveCfg = Debug|Any CPU
		{2E0AEB34-EE0F-46D2-B7DA-6734640BC7CE}.RelWithDebInfo|x64.Build.0 = Debug|Any CPU
		{2E0AEB34-EE0F-46D2-B7DA-6734640BC7CE}.RelWithDebInfo|x86.ActiveCfg = Debug|Any CPU
		{2E0AEB34-EE0F-46D2-B7DA-6734640BC7CE}.RelWithDebInfo|x86.Build.0 = Debug|Any CPU
		{007229A0-A06B-4A04-A559-B869BF6C227C}.Debug|Any CPU.ActiveCfg = Debug|Any CPU
		{007229A0-A06B-4A04-A559-B869BF6C227C}.Debug|Any CPU.Build.0 = Debug|Any CPU
		{007229A0-A06B-4A04-A559-B869BF6C227C}.Debug|ARM64.ActiveCfg = Debug|Any CPU
		{007229A0-A06B-4A04-A559-B869BF6C227C}.Debug|ARM64.Build.0 = Debug|Any CPU
		{007229A0-A06B-4A04-A559-B869BF6C227C}.Debug|x64.ActiveCfg = Debug|Any CPU
		{007229A0-A06B-4A04-A559-B869BF6C227C}.Debug|x64.Build.0 = Debug|Any CPU
		{007229A0-A06B-4A04-A559-B869BF6C227C}.Debug|x86.ActiveCfg = Debug|Any CPU
		{007229A0-A06B-4A04-A559-B869BF6C227C}.Debug|x86.Build.0 = Debug|Any CPU
		{007229A0-A06B-4A04-A559-B869BF6C227C}.MinSizeRel|Any CPU.ActiveCfg = Release|Any CPU
		{007229A0-A06B-4A04-A559-B869BF6C227C}.MinSizeRel|Any CPU.Build.0 = Release|Any CPU
		{007229A0-A06B-4A04-A559-B869BF6C227C}.MinSizeRel|ARM64.ActiveCfg = Release|Any CPU
		{007229A0-A06B-4A04-A559-B869BF6C227C}.MinSizeRel|ARM64.Build.0 = Release|Any CPU
		{007229A0-A06B-4A04-A559-B869BF6C227C}.MinSizeRel|x64.ActiveCfg = Release|Any CPU
		{007229A0-A06B-4A04-A559-B869BF6C227C}.MinSizeRel|x64.Build.0 = Release|Any CPU
		{007229A0-A06B-4A04-A559-B869BF6C227C}.MinSizeRel|x86.ActiveCfg = Release|Any CPU
		{007229A0-A06B-4A04-A559-B869BF6C227C}.MinSizeRel|x86.Build.0 = Release|Any CPU
		{007229A0-A06B-4A04-A559-B869BF6C227C}.Release|Any CPU.ActiveCfg = Release|Any CPU
		{007229A0-A06B-4A04-A559-B869BF6C227C}.Release|Any CPU.Build.0 = Release|Any CPU
		{007229A0-A06B-4A04-A559-B869BF6C227C}.Release|ARM64.ActiveCfg = Release|Any CPU
		{007229A0-A06B-4A04-A559-B869BF6C227C}.Release|ARM64.Build.0 = Release|Any CPU
		{007229A0-A06B-4A04-A559-B869BF6C227C}.Release|x64.ActiveCfg = Release|Any CPU
		{007229A0-A06B-4A04-A559-B869BF6C227C}.Release|x64.Build.0 = Release|Any CPU
		{007229A0-A06B-4A04-A559-B869BF6C227C}.Release|x86.ActiveCfg = Release|Any CPU
		{007229A0-A06B-4A04-A559-B869BF6C227C}.Release|x86.Build.0 = Release|Any CPU
		{007229A0-A06B-4A04-A559-B869BF6C227C}.RelWithDebInfo|Any CPU.ActiveCfg = Debug|Any CPU
		{007229A0-A06B-4A04-A559-B869BF6C227C}.RelWithDebInfo|Any CPU.Build.0 = Debug|Any CPU
		{007229A0-A06B-4A04-A559-B869BF6C227C}.RelWithDebInfo|ARM64.ActiveCfg = Debug|Any CPU
		{007229A0-A06B-4A04-A559-B869BF6C227C}.RelWithDebInfo|ARM64.Build.0 = Debug|Any CPU
		{007229A0-A06B-4A04-A559-B869BF6C227C}.RelWithDebInfo|x64.ActiveCfg = Debug|Any CPU
		{007229A0-A06B-4A04-A559-B869BF6C227C}.RelWithDebInfo|x64.Build.0 = Debug|Any CPU
		{007229A0-A06B-4A04-A559-B869BF6C227C}.RelWithDebInfo|x86.ActiveCfg = Debug|Any CPU
		{007229A0-A06B-4A04-A559-B869BF6C227C}.RelWithDebInfo|x86.Build.0 = Debug|Any CPU
		{54098A6F-3CAA-4A95-883F-3B34BCE59EFC}.Debug|Any CPU.ActiveCfg = Debug|Any CPU
		{54098A6F-3CAA-4A95-883F-3B34BCE59EFC}.Debug|Any CPU.Build.0 = Debug|Any CPU
		{54098A6F-3CAA-4A95-883F-3B34BCE59EFC}.Debug|ARM64.ActiveCfg = Debug|Any CPU
		{54098A6F-3CAA-4A95-883F-3B34BCE59EFC}.Debug|ARM64.Build.0 = Debug|Any CPU
		{54098A6F-3CAA-4A95-883F-3B34BCE59EFC}.Debug|x64.ActiveCfg = Debug|Any CPU
		{54098A6F-3CAA-4A95-883F-3B34BCE59EFC}.Debug|x64.Build.0 = Debug|Any CPU
		{54098A6F-3CAA-4A95-883F-3B34BCE59EFC}.Debug|x86.ActiveCfg = Debug|Any CPU
		{54098A6F-3CAA-4A95-883F-3B34BCE59EFC}.Debug|x86.Build.0 = Debug|Any CPU
		{54098A6F-3CAA-4A95-883F-3B34BCE59EFC}.MinSizeRel|Any CPU.ActiveCfg = Release|Any CPU
		{54098A6F-3CAA-4A95-883F-3B34BCE59EFC}.MinSizeRel|Any CPU.Build.0 = Release|Any CPU
		{54098A6F-3CAA-4A95-883F-3B34BCE59EFC}.MinSizeRel|ARM64.ActiveCfg = Release|Any CPU
		{54098A6F-3CAA-4A95-883F-3B34BCE59EFC}.MinSizeRel|ARM64.Build.0 = Release|Any CPU
		{54098A6F-3CAA-4A95-883F-3B34BCE59EFC}.MinSizeRel|x64.ActiveCfg = Release|Any CPU
		{54098A6F-3CAA-4A95-883F-3B34BCE59EFC}.MinSizeRel|x64.Build.0 = Release|Any CPU
		{54098A6F-3CAA-4A95-883F-3B34BCE59EFC}.MinSizeRel|x86.ActiveCfg = Release|Any CPU
		{54098A6F-3CAA-4A95-883F-3B34BCE59EFC}.MinSizeRel|x86.Build.0 = Release|Any CPU
		{54098A6F-3CAA-4A95-883F-3B34BCE59EFC}.Release|Any CPU.ActiveCfg = Release|Any CPU
		{54098A6F-3CAA-4A95-883F-3B34BCE59EFC}.Release|Any CPU.Build.0 = Release|Any CPU
		{54098A6F-3CAA-4A95-883F-3B34BCE59EFC}.Release|ARM64.ActiveCfg = Release|Any CPU
		{54098A6F-3CAA-4A95-883F-3B34BCE59EFC}.Release|ARM64.Build.0 = Release|Any CPU
		{54098A6F-3CAA-4A95-883F-3B34BCE59EFC}.Release|x64.ActiveCfg = Release|Any CPU
		{54098A6F-3CAA-4A95-883F-3B34BCE59EFC}.Release|x64.Build.0 = Release|Any CPU
		{54098A6F-3CAA-4A95-883F-3B34BCE59EFC}.Release|x86.ActiveCfg = Release|Any CPU
		{54098A6F-3CAA-4A95-883F-3B34BCE59EFC}.Release|x86.Build.0 = Release|Any CPU
		{54098A6F-3CAA-4A95-883F-3B34BCE59EFC}.RelWithDebInfo|Any CPU.ActiveCfg = Debug|Any CPU
		{54098A6F-3CAA-4A95-883F-3B34BCE59EFC}.RelWithDebInfo|Any CPU.Build.0 = Debug|Any CPU
		{54098A6F-3CAA-4A95-883F-3B34BCE59EFC}.RelWithDebInfo|ARM64.ActiveCfg = Debug|Any CPU
		{54098A6F-3CAA-4A95-883F-3B34BCE59EFC}.RelWithDebInfo|ARM64.Build.0 = Debug|Any CPU
		{54098A6F-3CAA-4A95-883F-3B34BCE59EFC}.RelWithDebInfo|x64.ActiveCfg = Debug|Any CPU
		{54098A6F-3CAA-4A95-883F-3B34BCE59EFC}.RelWithDebInfo|x64.Build.0 = Debug|Any CPU
		{54098A6F-3CAA-4A95-883F-3B34BCE59EFC}.RelWithDebInfo|x86.ActiveCfg = Debug|Any CPU
		{54098A6F-3CAA-4A95-883F-3B34BCE59EFC}.RelWithDebInfo|x86.Build.0 = Debug|Any CPU
		{14C89B92-2E82-480F-853F-EDD91A1EA4CE}.Debug|Any CPU.ActiveCfg = Debug|Any CPU
		{14C89B92-2E82-480F-853F-EDD91A1EA4CE}.Debug|Any CPU.Build.0 = Debug|Any CPU
		{14C89B92-2E82-480F-853F-EDD91A1EA4CE}.Debug|ARM64.ActiveCfg = Debug|Any CPU
		{14C89B92-2E82-480F-853F-EDD91A1EA4CE}.Debug|ARM64.Build.0 = Debug|Any CPU
		{14C89B92-2E82-480F-853F-EDD91A1EA4CE}.Debug|x64.ActiveCfg = Debug|Any CPU
		{14C89B92-2E82-480F-853F-EDD91A1EA4CE}.Debug|x64.Build.0 = Debug|Any CPU
		{14C89B92-2E82-480F-853F-EDD91A1EA4CE}.Debug|x86.ActiveCfg = Debug|Any CPU
		{14C89B92-2E82-480F-853F-EDD91A1EA4CE}.Debug|x86.Build.0 = Debug|Any CPU
		{14C89B92-2E82-480F-853F-EDD91A1EA4CE}.MinSizeRel|Any CPU.ActiveCfg = Release|Any CPU
		{14C89B92-2E82-480F-853F-EDD91A1EA4CE}.MinSizeRel|Any CPU.Build.0 = Release|Any CPU
		{14C89B92-2E82-480F-853F-EDD91A1EA4CE}.MinSizeRel|ARM64.ActiveCfg = Release|Any CPU
		{14C89B92-2E82-480F-853F-EDD91A1EA4CE}.MinSizeRel|ARM64.Build.0 = Release|Any CPU
		{14C89B92-2E82-480F-853F-EDD91A1EA4CE}.MinSizeRel|x64.ActiveCfg = Release|Any CPU
		{14C89B92-2E82-480F-853F-EDD91A1EA4CE}.MinSizeRel|x64.Build.0 = Release|Any CPU
		{14C89B92-2E82-480F-853F-EDD91A1EA4CE}.MinSizeRel|x86.ActiveCfg = Release|Any CPU
		{14C89B92-2E82-480F-853F-EDD91A1EA4CE}.MinSizeRel|x86.Build.0 = Release|Any CPU
		{14C89B92-2E82-480F-853F-EDD91A1EA4CE}.Release|Any CPU.ActiveCfg = Release|Any CPU
		{14C89B92-2E82-480F-853F-EDD91A1EA4CE}.Release|Any CPU.Build.0 = Release|Any CPU
		{14C89B92-2E82-480F-853F-EDD91A1EA4CE}.Release|ARM64.ActiveCfg = Release|Any CPU
		{14C89B92-2E82-480F-853F-EDD91A1EA4CE}.Release|ARM64.Build.0 = Release|Any CPU
		{14C89B92-2E82-480F-853F-EDD91A1EA4CE}.Release|x64.ActiveCfg = Release|Any CPU
		{14C89B92-2E82-480F-853F-EDD91A1EA4CE}.Release|x64.Build.0 = Release|Any CPU
		{14C89B92-2E82-480F-853F-EDD91A1EA4CE}.Release|x86.ActiveCfg = Release|Any CPU
		{14C89B92-2E82-480F-853F-EDD91A1EA4CE}.Release|x86.Build.0 = Release|Any CPU
		{14C89B92-2E82-480F-853F-EDD91A1EA4CE}.RelWithDebInfo|Any CPU.ActiveCfg = Debug|Any CPU
		{14C89B92-2E82-480F-853F-EDD91A1EA4CE}.RelWithDebInfo|Any CPU.Build.0 = Debug|Any CPU
		{14C89B92-2E82-480F-853F-EDD91A1EA4CE}.RelWithDebInfo|ARM64.ActiveCfg = Debug|Any CPU
		{14C89B92-2E82-480F-853F-EDD91A1EA4CE}.RelWithDebInfo|ARM64.Build.0 = Debug|Any CPU
		{14C89B92-2E82-480F-853F-EDD91A1EA4CE}.RelWithDebInfo|x64.ActiveCfg = Debug|Any CPU
		{14C89B92-2E82-480F-853F-EDD91A1EA4CE}.RelWithDebInfo|x64.Build.0 = Debug|Any CPU
		{14C89B92-2E82-480F-853F-EDD91A1EA4CE}.RelWithDebInfo|x86.ActiveCfg = Debug|Any CPU
		{14C89B92-2E82-480F-853F-EDD91A1EA4CE}.RelWithDebInfo|x86.Build.0 = Debug|Any CPU
	EndGlobalSection
	GlobalSection(SolutionProperties) = preSolution
		HideSolutionNode = FALSE
	EndGlobalSection
	GlobalSection(ExtensibilityGlobals) = postSolution
		SolutionGuid = {AC5AC5F9-70F8-42CF-889F-4BD3CAAE9266}
	EndGlobalSection
EndGlobal
